<?xml version="1.0" encoding="utf-8"?>
<Project ToolsVersion="4.0" xmlns="http://schemas.microsoft.com/developer/msbuild/2003">
  <ItemGroup>
    <ClCompile Include="CompCryptor.cpp" />
    <ClCompile Include="DispatchClient.cpp" />
    <ClCompile Include="MessageDispatch.cpp" />
    <ClCompile Include="MessageFactory.cpp" />
    <ClCompile Include="NetworkClient.cpp" />
    <ClCompile Include="NetworkManager.cpp" />
    <ClCompile Include="PacketFactory.cpp" />
    <ClCompile Include="Service.cpp" />
    <ClCompile Include="Session.cpp" />
    <ClCompile Include="SessionFactory.cpp" />
    <ClCompile Include="SocketReadThread.cpp" />
    <ClCompile Include="SocketWriteThread.cpp" />
  </ItemGroup>
  <ItemGroup>
    <ClInclude Include="CompCryptor.h" />
    <ClInclude Include="declspec.h" />
    <ClInclude Include="DispatchClient.h" />
    <ClInclude Include="Message.h" />
    <ClInclude Include="MessageDispatch.h" />
    <ClInclude Include="MessageFactory.h" />
    <ClInclude Include="MessageOpcodes.h" />
    <ClInclude Include="NetworkCallback.h" />
    <ClInclude Include="NetworkClient.h" />
    <ClInclude Include="NetworkConfig.h" />
    <ClInclude Include="NetworkManager.h" />
    <ClInclude Include="Packet.h" />
    <ClInclude Include="PacketFactory.h" />
    <ClInclude Include="Service.h" />
    <ClInclude Include="Session.h" />
    <ClInclude Include="SessionFactory.h" />
    <ClInclude Include="Socket.h" />
    <ClInclude Include="SocketReadThread.h" />
    <ClInclude Include="SocketWriteThread.h" />
  </ItemGroup>
</Project>