<?xml version="1.0" encoding="utf-8"?>
<Project ToolsVersion="4.0" xmlns="http://schemas.microsoft.com/developer/msbuild/2003">
  <ItemGroup>
    <ClInclude Include="ActiveConversation.h" />
    <ClInclude Include="AdminManager.h" />
    <ClInclude Include="BazaarTerminal.h" />
    <ClInclude Include="CellObject.h" />
    <ClInclude Include="CharacterBuilderTerminal.h" />
    <ClInclude Include="CharacterLoginHandler.h" />
    <ClInclude Include="CharSheetManager.h" />
    <ClInclude Include="City.h" />
    <ClInclude Include="CityFactory.h" />
    <ClInclude Include="CloningTerminal.h" />
    <ClInclude Include="CMWeaponGroup.h" />
    <ClInclude Include="CombatManager.h" />
    <ClInclude Include="Container.h" />
    <ClInclude Include="ContainerManager.h" />
    <ClInclude Include="Conversation.h" />
    <ClInclude Include="ConversationManager.h" />
    <ClInclude Include="CraftBatch.h" />
    <ClInclude Include="CraftingEnums.h" />
    <ClInclude Include="CraftingManager.h" />
    <ClInclude Include="CraftingSession.h" />
    <ClInclude Include="CraftingSessionCallBack.h" />
    <ClInclude Include="CraftingSessionFactory.h" />
    <ClInclude Include="CreatureEnums.h" />
    <ClInclude Include="CreatureFactory.h" />
    <ClInclude Include="CreatureObject.h" />
    <ClInclude Include="CreatureSpawnRegion.h" />
    <ClInclude Include="CurrentResource.h" />
    <ClInclude Include="Datapad.h" />
    <ClInclude Include="DatapadFactory.h" />
    <ClInclude Include="declspec.h" />
    <ClInclude Include="DraftSchematic.h" />
    <ClInclude Include="DraftSlot.h" />
    <ClInclude Include="DraftWeight.h" />
    <ClInclude Include="ElevatorTerminal.h" />
    <ClInclude Include="EnqueueValidator.h" />
    <ClInclude Include="EntertainerManager.h" />
    <ClInclude Include="EquipManager.h" />
    <ClInclude Include="EVAbility.h" />
    <ClInclude Include="EVCmdProperty.h" />
    <ClInclude Include="EVPosture.h" />
    <ClInclude Include="EVQueueSize.h" />
    <ClInclude Include="EVState.h" />
    <ClInclude Include="EVSurveySample.h" />
    <ClInclude Include="EVWeapon.h" />
    <ClInclude Include="FactoryBase.h" />
    <ClInclude Include="FactoryFactory.h" />
    <ClInclude Include="FactoryObject.h" />
    <ClInclude Include="FillerNPC.h" />
    <ClInclude Include="FireworkEvent.h" />
    <ClInclude Include="FireworkManager.h" />
    <ClInclude Include="ForageManager.h" />
    <ClInclude Include="Furniture.h" />
    <ClInclude Include="GroupManager.h" />
    <ClInclude Include="GroupManagerCallback.h" />
    <ClInclude Include="GroupManagerCallbackContainer.h" />
    <ClInclude Include="GroupManagerHandler.h" />
    <ClInclude Include="GroupObject.h" />
    <ClInclude Include="Ham.h" />
    <ClInclude Include="HamProperty.h" />
    <ClInclude Include="HamService.h" />
    <ClInclude Include="HarvesterFactory.h" />
    <ClInclude Include="HarvesterObject.h" />
    <ClInclude Include="HouseFactory.h" />
    <ClInclude Include="HouseObject.h" />
    <ClInclude Include="IncapRecoveryEvent.h" />
    <ClInclude Include="InjuryTreatmentEvent.h" />
    <ClInclude Include="InsuranceTerminal.h" />
    <ClInclude Include="IntangibleFactory.h" />
    <ClInclude Include="IntangibleObject.h" />
    <ClInclude Include="Inventory.h" />
    <ClInclude Include="InventoryFactory.h" />
    <ClInclude Include="Item_Enums.h" />
    <ClInclude Include="ItemDeleteEvent.h" />
    <ClInclude Include="ItemFactory.h" />
    <ClInclude Include="LairObject.h" />
    <ClInclude Include="LocomotionState.h" />
    <ClInclude Include="LocomotionStateEvent.h" />
    <ClInclude Include="LogOutEvent.h" />
    <ClInclude Include="MedicHandlerHelpers.h" />
    <ClInclude Include="MedicManager.h" />
    <ClInclude Include="MissionBag.h" />
    <ClInclude Include="MissionFactory.h" />
    <ClInclude Include="MissionManager.h" />
    <ClInclude Include="MissionObject.h" />
    <ClInclude Include="MissionTerminal.h" />
    <ClInclude Include="MoodTypes.h" />
    <ClInclude Include="MountObject.h" />
    <ClInclude Include="MovingObject.h" />
    <ClInclude Include="noiseutils.h" />
    <ClInclude Include="nonPersistantObjectFactory.h" />
    <ClInclude Include="NonPersistentItemFactory.h" />
    <ClInclude Include="NonPersistentNpcFactory.h" />
    <ClInclude Include="NPC_Enums.h" />
    <ClInclude Include="NpcIdentifier.h" />
    <ClInclude Include="NpcManager.h" />
    <ClInclude Include="NPCObject.h" />
    <ClInclude Include="PersistentNpcFactory.h" />
    <ClInclude Include="PlayerEnums.h" />
    <ClInclude Include="PlayerObject.h" />
    <ClInclude Include="PlayerObjectFactory.h" />
    <ClInclude Include="PlayerStructure.h" />
    <ClInclude Include="PlayerStructureTerminal.h" />
    <ClInclude Include="PostureEvent.h" />
    <ClInclude Include="PostureState.h" />
    <ClInclude Include="ProcessValidator.h" />
    <ClInclude Include="PVHam.h" />
    <ClInclude Include="PVPosture.h" />
    <ClInclude Include="PVState.h" />
    <ClInclude Include="QuestGiver.h" />
    <ClInclude Include="QuickHealInjuryTreatmentEvent.h" />
    <ClInclude Include="RadialEnums.h" />
    <ClInclude Include="RadialMenu.h" />
    <ClInclude Include="RadialMenuItem.h" />
    <ClInclude Include="RegionFactory.h" />
    <ClInclude Include="RegionObject.h" />
    <ClInclude Include="Resource.h" />
    <ClInclude Include="resource1.h" />
    <ClInclude Include="ResourceCategory.h" />
    <ClInclude Include="ResourceCollectionCommand.h" />
    <ClInclude Include="ResourceCollectionManager.h" />
    <ClInclude Include="ResourceContainer.h" />
    <ClInclude Include="ResourceContainerFactory.h" />
    <ClInclude Include="ResourceManager.h" />
    <ClInclude Include="ResourceType.h" />
    <ClInclude Include="SampleEvent.h" />
    <ClInclude Include="SchematicGroup.h" />
    <ClInclude Include="SchematicManager.h" />
    <ClInclude Include="ScoutManager.h" />
    <ClInclude Include="SendSystemMailMessage.h" />
    <ClInclude Include="Shuttle.h" />
    <ClInclude Include="ShuttleFactory.h" />
    <ClInclude Include="Skill.h" />
    <ClInclude Include="SkillEnums.h" />
    <ClInclude Include="SkillManager.h" />
    <ClInclude Include="SocialChatTypes.h" />
    <ClInclude Include="SpatialIndexManager.h" />
    <ClInclude Include="SpawnPoint.h" />
    <ClInclude Include="SpawnRegion.h" />
    <ClInclude Include="SpawnRegionFactory.h" />
    <ClInclude Include="StateManager.h" />
    <ClInclude Include="StateRules.h" />
    <ClInclude Include="StaticObject.h" />
    <ClInclude Include="Stomach.h" />
    <ClInclude Include="StructureHeightmapAsyncContainer.h" />
    <ClInclude Include="StructureManager.h" />
    <ClInclude Include="SurveyEvent.h" />
    <ClInclude Include="TangibleEnums.h" />
    <ClInclude Include="TangibleFactory.h" />
    <ClInclude Include="TangibleObject.h" />
    <ClInclude Include="Terminal.h" />
    <ClInclude Include="TerminalFactory.h" />
    <ClInclude Include="TicketCollector.h" />
    <ClInclude Include="TicketCollectorFactory.h" />
    <ClInclude Include="Trade.h" />
    <ClInclude Include="TradeManager.h" />
    <ClInclude Include="Trainer.h" />
    <ClInclude Include="TravelMapHandler.h" />
    <ClInclude Include="TravelTerminal.h" />
    <ClInclude Include="TreasuryManager.h" />
    <ClInclude Include="Tutorial.h" />
    <ClInclude Include="UIButton.h" />
    <ClInclude Include="UICallback.h" />
    <ClInclude Include="UICloneSelectListBox.h" />
    <ClInclude Include="UIDropdownBox.h" />
    <ClInclude Include="UIElement.h" />
    <ClInclude Include="UIEnums.h" />
    <ClInclude Include="UIInputBox.h" />
    <ClInclude Include="UIInputField.h" />
    <ClInclude Include="UIListBox.h" />
    <ClInclude Include="UIManager.h" />
    <ClInclude Include="UIMessageBox.h" />
    <ClInclude Include="UIOfferTeachBox.h" />
    <ClInclude Include="UIOpcodes.h" />
    <ClInclude Include="UIPlayerSelectBox.h" />
    <ClInclude Include="UIResourceSelectListBox.h" />
    <ClInclude Include="UISkillSelectBox.h" />
    <ClInclude Include="UITicketSelectListBox.h" />
    <ClInclude Include="UITransferBox.h" />
    <ClInclude Include="UIWindow.h" />
    <ClInclude Include="VehicleController.h" />
    <ClInclude Include="VehicleControllerFactory.h" />
    <ClInclude Include="WaypointFactory.h" />
    <ClInclude Include="WaypointObject.h" />
    <ClInclude Include="Weather.h" />
    <ClInclude Include="WeightsBatch.h" />
    <ClInclude Include="WorldConfig.h" />
    <ClInclude Include="WorldManager.h" />
    <ClInclude Include="WorldManagerEnums.h" />
    <ClInclude Include="WoundTreatmentEvent.h" />
    <ClInclude Include="Zmap.h" />
    <ClInclude Include="ZoneOpcodes.h" />
    <ClInclude Include="ZoneServer.h" />
    <ClInclude Include="CellFactory.h" />
    <ClInclude Include="ContainerObjectFactory.h" />
    <ClInclude Include="AbstractState.h">
      <Filter>action</Filter>
    </ClInclude>
    <ClInclude Include="ActionState.h">
      <Filter>action</Filter>
    </ClInclude>
    <ClInclude Include="ActionStateEvent.h">
      <Filter>action</Filter>
    </ClInclude>
    <ClInclude Include="ArtisanHeightmapAsyncContainer.h">
      <Filter>artisan</Filter>
    </ClInclude>
    <ClInclude Include="ArtisanManager.h">
      <Filter>artisan</Filter>
    </ClInclude>
    <ClInclude Include="AttackableCreature.h">
      <Filter>attackable</Filter>
    </ClInclude>
    <ClInclude Include="AttackableStaticNpc.h">
      <Filter>attackable</Filter>
    </ClInclude>
    <ClInclude Include="BadgeRegion.h">
      <Filter>badge</Filter>
    </ClInclude>
    <ClInclude Include="Badge.h">
      <Filter>badge</Filter>
    </ClInclude>
    <ClInclude Include="BadgeRegionFactory.h">
      <Filter>badge</Filter>
    </ClInclude>
    <ClInclude Include="Bank.h">
      <Filter>bank</Filter>
    </ClInclude>
    <ClInclude Include="BankTerminal.h">
      <Filter>bank</Filter>
    </ClInclude>
    <ClInclude Include="Buff.h">
      <Filter>buff</Filter>
    </ClInclude>
    <ClInclude Include="BuffAttributeEnums.h">
      <Filter>buff</Filter>
    </ClInclude>
    <ClInclude Include="BuffDBItem.h">
      <Filter>buff</Filter>
    </ClInclude>
    <ClInclude Include="BuffEvent.h">
      <Filter>buff</Filter>
    </ClInclude>
    <ClInclude Include="BuffIconsEnum.h">
      <Filter>buff</Filter>
    </ClInclude>
    <ClInclude Include="BuffManager.h">
      <Filter>buff</Filter>
    </ClInclude>
    <ClInclude Include="BuildingEnums.h">
      <Filter>building</Filter>
    </ClInclude>
    <ClInclude Include="BuildingFactory.h">
      <Filter>building</Filter>
    </ClInclude>
    <ClInclude Include="BuildingObject.h">
      <Filter>building</Filter>
    </ClInclude>
    <ClInclude Include="Camp.h">
      <Filter>camp</Filter>
    </ClInclude>
    <ClInclude Include="CampRegion.h">
      <Filter>camp</Filter>
    </ClInclude>
    <ClInclude Include="CampTerminal.h">
      <Filter>camp</Filter>
    </ClInclude>
    <ClInclude Include="BugJar.h">
      <Filter>item</Filter>
    </ClInclude>
    <ClInclude Include="ChanceCube.h">
      <Filter>item</Filter>
    </ClInclude>
    <ClInclude Include="CraftingStation.h">
      <Filter>item</Filter>
    </ClInclude>
    <ClInclude Include="CraftingTool.h">
      <Filter>item</Filter>
    </ClInclude>
    <ClInclude Include="Deed.h">
      <Filter>item</Filter>
    </ClInclude>
    <ClInclude Include="FactoryCrate.h">
      <Filter>item</Filter>
    </ClInclude>
    <ClInclude Include="Firework.h">
      <Filter>item</Filter>
    </ClInclude>
    <ClInclude Include="Food.h">
      <Filter>item</Filter>
    </ClInclude>
    <ClInclude Include="Instrument.h">
      <Filter>item</Filter>
    </ClInclude>
    <ClInclude Include="Item.h">
      <Filter>item</Filter>
    </ClInclude>
    <ClInclude Include="ItemTerminal.h">
      <Filter>item</Filter>
    </ClInclude>
    <ClInclude Include="ManufacturingSchematic.h">
      <Filter>item</Filter>
    </ClInclude>
    <ClInclude Include="Medicine.h">
      <Filter>item</Filter>
    </ClInclude>
    <ClInclude Include="Scout.h">
      <Filter>item</Filter>
    </ClInclude>
    <ClInclude Include="SurveyTool.h">
      <Filter>item</Filter>
    </ClInclude>
    <ClInclude Include="TravelTicket.h">
      <Filter>item</Filter>
    </ClInclude>
    <ClInclude Include="Weapon.h">
      <Filter>item</Filter>
    </ClInclude>
    <ClInclude Include="Wearable.h">
      <Filter>item</Filter>
    </ClInclude>
    <ClInclude Include="Heightmap.h">
      <Filter>map</Filter>
    </ClInclude>
    <ClInclude Include="HeightmapAsyncContainer.h">
      <Filter>map</Filter>
    </ClInclude>
    <ClInclude Include="HeightMapCallback.h">
      <Filter>map</Filter>
    </ClInclude>
    <ClInclude Include="ObjectController.h">
      <Filter>handler</Filter>
    </ClInclude>
    <ClInclude Include="ObjectControllerCommandMap.h">
      <Filter>handler</Filter>
    </ClInclude>
    <ClInclude Include="ObjectContainer.h">
      <Filter>handler</Filter>
    </ClInclude>
    <ClInclude Include="Object.h">
      <Filter>handler</Filter>
    </ClInclude>
    <ClInclude Include="ObjControllerEvent.h">
      <Filter>handler</Filter>
    </ClInclude>
    <ClInclude Include="objcontrollercommandmessage.h">
      <Filter>handler</Filter>
    </ClInclude>
    <ClInclude Include="Object_Enums.h">
      <Filter>handler</Filter>
    </ClInclude>
    <ClInclude Include="ObjectControllerDispatch.h">
      <Filter>handler</Filter>
    </ClInclude>
    <ClInclude Include="ObjectControllerOpcodes.h">
      <Filter>handler</Filter>
    </ClInclude>
    <ClInclude Include="ObjectFactory.h">
      <Filter>handler</Filter>
    </ClInclude>
    <ClInclude Include="ObjectFactoryCallback.h">
      <Filter>handler</Filter>
    </ClInclude>
    <ClInclude Include="OCCommonHandlers.h">
      <Filter>handler</Filter>
    </ClInclude>
    <ClInclude Include="OCStructureHandlers.h">
      <Filter>handler</Filter>
    </ClInclude>
  </ItemGroup>
  <ItemGroup>
    <ClCompile Include="ActiveConversation.cpp" />
    <ClCompile Include="AdminManager.cpp" />
    <ClCompile Include="BazaarTerminal.cpp" />
    <ClCompile Include="CellObject.cpp" />
    <ClCompile Include="CharacterBuilderTerminal.cpp" />
    <ClCompile Include="CharacterLoginHandler.cpp" />
    <ClCompile Include="CharSheetManager.cpp" />
    <ClCompile Include="City.cpp" />
    <ClCompile Include="CityFactory.cpp" />
    <ClCompile Include="CloningTerminal.cpp" />
    <ClCompile Include="CombatManager.cpp" />
    <ClCompile Include="Container.cpp" />
    <ClCompile Include="ContainerManager.cpp" />
    <ClCompile Include="Conversation.cpp" />
    <ClCompile Include="ConversationManager.cpp" />
    <ClCompile Include="CraftBatch.cpp" />
    <ClCompile Include="CraftingManager.cpp" />
    <ClCompile Include="CraftingSession.cpp" />
    <ClCompile Include="CraftingSessionFactory.cpp" />
    <ClCompile Include="CraftingSessionHelper.cpp" />
    <ClCompile Include="CreatureEventFunctions.cpp" />
    <ClCompile Include="CreatureFactory.cpp" />
    <ClCompile Include="CreatureObject.cpp" />
    <ClCompile Include="CreatureSpawnRegion.cpp" />
    <ClCompile Include="CurrentResource.cpp" />
    <ClCompile Include="Datapad.cpp" />
    <ClCompile Include="DatapadFactory.cpp" />
    <ClCompile Include="DraftSchematic.cpp" />
    <ClCompile Include="DraftSlot.cpp" />
    <ClCompile Include="DraftWeight.cpp" />
    <ClCompile Include="ElevatorTerminal.cpp" />
    <ClCompile Include="EnqueueValidator.cpp" />
    <ClCompile Include="EntertainerManager.cpp" />
    <ClCompile Include="EquipManager.cpp" />
    <ClCompile Include="EVAbility.cpp" />
    <ClCompile Include="EVCmdProperty.cpp" />
    <ClCompile Include="EVPosture.cpp" />
    <ClCompile Include="EVQueueSize.cpp" />
    <ClCompile Include="EVState.cpp" />
    <ClCompile Include="EVSurveySample.cpp" />
    <ClCompile Include="EVWeapon.cpp" />
    <ClCompile Include="FactoryBase.cpp" />
    <ClCompile Include="FactoryFactory.cpp" />
    <ClCompile Include="FactoryObject.cpp" />
    <ClCompile Include="FillerNPC.cpp" />
    <ClCompile Include="FireworkManager.cpp" />
    <ClCompile Include="ForageManager.cpp" />
    <ClCompile Include="Furniture.cpp" />
    <ClCompile Include="GroupManager.cpp" />
    <ClCompile Include="GroupManagerHandler.cpp" />
    <ClCompile Include="Ham.cpp" />
    <ClCompile Include="HamProperty.cpp" />
    <ClCompile Include="HamService.cpp" />
    <ClCompile Include="HarvesterFactory.cpp" />
    <ClCompile Include="HarvesterObject.cpp" />
    <ClCompile Include="HouseFactory.cpp" />
    <ClCompile Include="HouseObject.cpp" />
    <ClCompile Include="ImageDesignManager.cpp" />
    <ClCompile Include="InsuranceTerminal.cpp" />
    <ClCompile Include="IntangibleFactory.cpp" />
    <ClCompile Include="IntangibleObject.cpp" />
    <ClCompile Include="Inventory.cpp" />
    <ClCompile Include="InventoryFactory.cpp" />
    <ClCompile Include="ItemFactory.cpp" />
    <ClCompile Include="LairObject.cpp" />
    <ClCompile Include="LocomotionState.cpp" />
    <ClCompile Include="LocomotionStateEvent.cpp" />
    <ClCompile Include="MedicHandlerHelpers.cpp" />
    <ClCompile Include="MedicManager.cpp" />
    <ClCompile Include="MissionBag.cpp" />
    <ClCompile Include="MissionFactory.cpp" />
    <ClCompile Include="MissionManager.cpp" />
    <ClCompile Include="MissionObject.cpp" />
    <ClCompile Include="MissionTerminal.cpp" />
    <ClCompile Include="MountObject.cpp" />
    <ClCompile Include="MovingObject.cpp" />
    <ClCompile Include="noiseutils.cpp" />
    <ClCompile Include="nonPersistantObjectFactory.cpp" />
    <ClCompile Include="NonPersistentItemFactory.cpp" />
    <ClCompile Include="NonPersistentNpcFactory.cpp" />
    <ClCompile Include="NpcManager.cpp" />
    <ClCompile Include="NPCObject.cpp" />
    <ClCompile Include="PersistentNpcFactory.cpp" />
    <ClCompile Include="PlayerEventFunctions.cpp" />
    <ClCompile Include="PlayerObject.cpp" />
    <ClCompile Include="PlayerObjectFactory.cpp" />
    <ClCompile Include="PlayerStructure.cpp" />
    <ClCompile Include="PlayerStructureTerminal.cpp" />
    <ClCompile Include="PostureEvent.cpp" />
    <ClCompile Include="PostureState.cpp" />
    <ClCompile Include="ProcessValidator.cpp" />
    <ClCompile Include="PVHam.cpp" />
    <ClCompile Include="PVPosture.cpp" />
    <ClCompile Include="PVState.cpp" />
    <ClCompile Include="QuestGiver.cpp" />
    <ClCompile Include="RadialMenu.cpp" />
    <ClCompile Include="RadialMenuItem.cpp" />
    <ClCompile Include="RegionFactory.cpp" />
    <ClCompile Include="RegionObject.cpp" />
    <ClCompile Include="Resource.cpp" />
    <ClCompile Include="ResourceCategory.cpp" />
    <ClCompile Include="ResourceCollectionCommand.cpp" />
    <ClCompile Include="ResourceCollectionManager.cpp" />
    <ClCompile Include="ResourceContainer.cpp" />
    <ClCompile Include="ResourceContainerFactory.cpp" />
    <ClCompile Include="ResourceManager.cpp" />
    <ClCompile Include="ResourceType.cpp" />
    <ClCompile Include="SchematicGroup.cpp" />
    <ClCompile Include="SchematicManager.cpp" />
    <ClCompile Include="ScoutManager.cpp" />
    <ClCompile Include="SendSystemMailMessage.cpp" />
    <ClCompile Include="Shuttle.cpp" />
    <ClCompile Include="ShuttleFactory.cpp" />
    <ClCompile Include="Skill.cpp" />
    <ClCompile Include="SkillManager.cpp" />
    <ClCompile Include="SpatialIndexManager.cpp" />
    <ClCompile Include="SpatialIndexMessagingServices.cpp" />
    <ClCompile Include="SpawnRegion.cpp" />
    <ClCompile Include="SpawnRegionFactory.cpp" />
    <ClCompile Include="StateManager.cpp" />
    <ClCompile Include="StateRules.cpp" />
    <ClCompile Include="StaticObject.cpp" />
    <ClCompile Include="Stomach.cpp" />
    <ClCompile Include="StructureManager.cpp" />
    <ClCompile Include="StructureManagerCallbackHandler.cpp" />
    <ClCompile Include="StructureManagerCommandMap.cpp" />
    <ClCompile Include="StructureManagerUIManager.cpp" />
    <ClCompile Include="TangibleFactory.cpp" />
    <ClCompile Include="TangibleObject.cpp" />
    <ClCompile Include="Terminal.cpp" />
    <ClCompile Include="TerminalFactory.cpp" />
    <ClCompile Include="TicketCollector.cpp" />
    <ClCompile Include="TicketCollectorFactory.cpp" />
    <ClCompile Include="Trade.cpp" />
    <ClCompile Include="TradeManager.cpp" />
    <ClCompile Include="Trainer.cpp" />
    <ClCompile Include="TravelMapHandler.cpp" />
    <ClCompile Include="TravelTerminal.cpp" />
    <ClCompile Include="TreasuryManager.cpp" />
    <ClCompile Include="Tutorial.cpp" />
    <ClCompile Include="UIButton.cpp" />
    <ClCompile Include="UICustomWindows.cpp" />
    <ClCompile Include="UIDropdownBox.cpp" />
    <ClCompile Include="UIElement.cpp" />
    <ClCompile Include="UIInputBox.cpp" />
    <ClCompile Include="UIInputField.cpp" />
    <ClCompile Include="UIListBox.cpp" />
    <ClCompile Include="UIManager.cpp" />
    <ClCompile Include="UIMessageBox.cpp" />
    <ClCompile Include="UITransferBox.cpp" />
    <ClCompile Include="UIWindow.cpp" />
    <ClCompile Include="VehicleController.cpp" />
    <ClCompile Include="VehicleControllerFactory.cpp" />
    <ClCompile Include="WaypointFactory.cpp" />
    <ClCompile Include="WaypointObject.cpp" />
    <ClCompile Include="WeightsBatch.cpp" />
    <ClCompile Include="WorldConfig.cpp" />
    <ClCompile Include="WorldManager.cpp" />
    <ClCompile Include="WorldManagerDataBaseHandlers.cpp" />
    <ClCompile Include="WorldManagerNPCHandlers.cpp" />
    <ClCompile Include="WorldManagerObjectHandlers.cpp" />
    <ClCompile Include="WorldManagerPlayerHandlers.cpp" />
    <ClCompile Include="Zmap.cpp" />
    <ClCompile Include="ZoneServer.cpp" />
    <ClCompile Include="CellFactory.cpp" />
    <ClCompile Include="ContainerObjectFactory.cpp" />
    <ClCompile Include="ActionState.cpp">
      <Filter>action</Filter>
    </ClCompile>
    <ClCompile Include="ActionStateEvent.cpp">
      <Filter>action</Filter>
    </ClCompile>
    <ClCompile Include="ArtisanManager.cpp">
      <Filter>artisan</Filter>
    </ClCompile>
    <ClCompile Include="AttackableCreature.cpp">
      <Filter>attackable</Filter>
    </ClCompile>
    <ClCompile Include="AttackableStaticNpc.cpp">
      <Filter>attackable</Filter>
    </ClCompile>
    <ClCompile Include="BadgeRegion.cpp">
      <Filter>badge</Filter>
    </ClCompile>
    <ClCompile Include="BadgeRegionFactory.cpp">
      <Filter>badge</Filter>
    </ClCompile>
    <ClCompile Include="Bank.cpp">
      <Filter>bank</Filter>
    </ClCompile>
    <ClCompile Include="BankTerminal.cpp">
      <Filter>bank</Filter>
    </ClCompile>
    <ClCompile Include="Buff.cpp">
      <Filter>buff</Filter>
    </ClCompile>
    <ClCompile Include="BuffDBItem.cpp">
      <Filter>buff</Filter>
    </ClCompile>
    <ClCompile Include="BuffEvent.cpp">
      <Filter>buff</Filter>
    </ClCompile>
    <ClCompile Include="BuffManager.cpp">
      <Filter>buff</Filter>
    </ClCompile>
    <ClCompile Include="BuildingFactory.cpp">
      <Filter>building</Filter>
    </ClCompile>
    <ClCompile Include="BuildingObject.cpp">
      <Filter>building</Filter>
    </ClCompile>
    <ClCompile Include="Camp.cpp">
      <Filter>camp</Filter>
    </ClCompile>
    <ClCompile Include="CampRegion.cpp">
      <Filter>camp</Filter>
    </ClCompile>
    <ClCompile Include="CampTerminal.cpp">
      <Filter>camp</Filter>
    </ClCompile>
    <ClCompile Include="BugJar.cpp">
      <Filter>item</Filter>
    </ClCompile>
    <ClCompile Include="ChanceCube.cpp">
      <Filter>item</Filter>
    </ClCompile>
    <ClCompile Include="CraftingStation.cpp">
      <Filter>item</Filter>
    </ClCompile>
    <ClCompile Include="CraftingTool.cpp">
      <Filter>item</Filter>
    </ClCompile>
    <ClCompile Include="Deed.cpp">
      <Filter>item</Filter>
    </ClCompile>
    <ClCompile Include="FactoryCrate.cpp">
      <Filter>item</Filter>
    </ClCompile>
    <ClCompile Include="Firework.cpp">
      <Filter>item</Filter>
    </ClCompile>
    <ClCompile Include="Food.cpp">
      <Filter>item</Filter>
    </ClCompile>
    <ClCompile Include="Instrument.cpp">
      <Filter>item</Filter>
    </ClCompile>
    <ClCompile Include="Item.cpp">
      <Filter>item</Filter>
    </ClCompile>
    <ClCompile Include="ItemTerminal.cpp">
      <Filter>item</Filter>
    </ClCompile>
    <ClCompile Include="ManufacturingSchematic.cpp">
      <Filter>item</Filter>
    </ClCompile>
    <ClCompile Include="Medicine.cpp">
      <Filter>item</Filter>
    </ClCompile>
    <ClCompile Include="Scout.cpp">
      <Filter>item</Filter>
    </ClCompile>
    <ClCompile Include="SurveyTool.cpp">
      <Filter>item</Filter>
    </ClCompile>
    <ClCompile Include="TravelTicket.cpp">
      <Filter>item</Filter>
    </ClCompile>
    <ClCompile Include="Weapon.cpp">
      <Filter>item</Filter>
    </ClCompile>
    <ClCompile Include="Wearable.cpp">
      <Filter>item</Filter>
    </ClCompile>
    <ClCompile Include="Heightmap.cpp">
      <Filter>map</Filter>
    </ClCompile>
    <ClCompile Include="ObjectController.cpp">
      <Filter>handler</Filter>
    </ClCompile>
    <ClCompile Include="ObjectControllerCommandMap.cpp">
      <Filter>handler</Filter>
    </ClCompile>
    <ClCompile Include="ObjectControllerDispatch.cpp">
      <Filter>handler</Filter>
    </ClCompile>
    <ClCompile Include="ObjectContainer.cpp">
      <Filter>handler</Filter>
    </ClCompile>
    <ClCompile Include="Object.cpp">
      <Filter>handler</Filter>
    </ClCompile>
    <ClCompile Include="ObjControllerEvent.cpp">
      <Filter>handler</Filter>
    </ClCompile>
    <ClCompile Include="ObjControllerCommandMessage.cpp">
      <Filter>handler</Filter>
    </ClCompile>
    <ClCompile Include="ObjectFactory.cpp">
      <Filter>handler</Filter>
    </ClCompile>
    <ClCompile Include="ObjectFactoryCallback.cpp">
      <Filter>handler</Filter>
    </ClCompile>
    <ClCompile Include="OCAdminHandlers.cpp">
      <Filter>handler</Filter>
    </ClCompile>
    <ClCompile Include="OCBioEngineerHandlers.cpp">
      <Filter>handler</Filter>
    </ClCompile>
    <ClCompile Include="OCBountyHunterHandlers.cpp">
      <Filter>handler</Filter>
    </ClCompile>
    <ClCompile Include="OCBrawlerHandlers.cpp">
      <Filter>handler</Filter>
    </ClCompile>
    <ClCompile Include="OCCallbackHandlers.cpp">
      <Filter>handler</Filter>
    </ClCompile>
    <ClCompile Include="OCCarbineerHandlers.cpp">
      <Filter>handler</Filter>
    </ClCompile>
    <ClCompile Include="OCCharacterSheethandlers.cpp">
      <Filter>handler</Filter>
    </ClCompile>
    <ClCompile Include="OCCombatHandlers.cpp">
      <Filter>handler</Filter>
    </ClCompile>
    <ClCompile Include="OCCombatMedicHandlers.cpp">
      <Filter>handler</Filter>
    </ClCompile>
    <ClCompile Include="OCCommandoHandlers.cpp">
      <Filter>handler</Filter>
    </ClCompile>
    <ClCompile Include="OCCommonHandlers.cpp">
      <Filter>handler</Filter>
    </ClCompile>
    <ClCompile Include="OCContactListsHandlers.cpp">
      <Filter>handler</Filter>
    </ClCompile>
    <ClCompile Include="OCCrateHandlers.cpp">
      <Filter>handler</Filter>
    </ClCompile>
    <ClCompile Include="OCCreatureHandlerHandlers.cpp">
      <Filter>handler</Filter>
    </ClCompile>
    <ClCompile Include="OCDatapadHandlers.cpp">
      <Filter>handler</Filter>
    </ClCompile>
    <ClCompile Include="OCDataTransformhandlers.cpp">
      <Filter>handler</Filter>
    </ClCompile>
    <ClCompile Include="OCDestroyHandlers.cpp">
      <Filter>handler</Filter>
    </ClCompile>
    <ClCompile Include="OCDoctorHandlers.cpp">
      <Filter>handler</Filter>
    </ClCompile>
    <ClCompile Include="OCEntertainerHandlers.cpp">
      <Filter>handler</Filter>
    </ClCompile>
    <ClCompile Include="OCFencerHandlers.cpp">
      <Filter>handler</Filter>
    </ClCompile>
    <ClCompile Include="OCForceDefenseHandlers.cpp">
      <Filter>handler</Filter>
    </ClCompile>
    <ClCompile Include="OCForceEnhancementHandlers.cpp">
      <Filter>handler</Filter>
    </ClCompile>
    <ClCompile Include="OCForceHealingHandlers.cpp">
      <Filter>handler</Filter>
    </ClCompile>
    <ClCompile Include="OCForceLightsaberHandlers.cpp">
      <Filter>handler</Filter>
    </ClCompile>
    <ClCompile Include="OCForcePowerHandlers.cpp">
      <Filter>handler</Filter>
    </ClCompile>
    <ClCompile Include="OCGroupHandlers.cpp">
      <Filter>handler</Filter>
    </ClCompile>
    <ClCompile Include="OCMarksmanHandlers.cpp">
      <Filter>handler</Filter>
    </ClCompile>
    <ClCompile Include="OCMedicHandlers.cpp">
      <Filter>handler</Filter>
    </ClCompile>
    <ClCompile Include="OCNpcConversationhandlers.cpp">
      <Filter>handler</Filter>
    </ClCompile>
    <ClCompile Include="OCMissionHandlers.cpp">
      <Filter>handler</Filter>
    </ClCompile>
    <ClCompile Include="OCPetHandlers.cpp">
      <Filter>handler</Filter>
    </ClCompile>
    <ClCompile Include="OCPikemanHandlers.cpp">
      <Filter>handler</Filter>
    </ClCompile>
    <ClCompile Include="OCPistoleerHandlers.cpp">
      <Filter>handler</Filter>
    </ClCompile>
    <ClCompile Include="OCPostureHandlers.cpp">
      <Filter>handler</Filter>
    </ClCompile>
    <ClCompile Include="OCRangerHandlers.cpp">
      <Filter>handler</Filter>
    </ClCompile>
    <ClCompile Include="OCResourceContainerHandlers.cpp">
      <Filter>handler</Filter>
    </ClCompile>
    <ClCompile Include="OCRiflemanHandlers.cpp">
      <Filter>handler</Filter>
    </ClCompile>
    <ClCompile Include="OCSkillHandlers.cpp">
      <Filter>handler</Filter>
    </ClCompile>
    <ClCompile Include="OCScoutHandlers.cpp">
      <Filter>handler</Filter>
    </ClCompile>
    <ClCompile Include="OCSmugglerHandlers.cpp">
      <Filter>handler</Filter>
    </ClCompile>
    <ClCompile Include="OCSpatialHandlers.cpp">
      <Filter>handler</Filter>
    </ClCompile>
    <ClCompile Include="OCSquadLeaderHandlers.cpp">
      <Filter>handler</Filter>
    </ClCompile>
    <ClCompile Include="OCStructureHandlers.cpp">
      <Filter>handler</Filter>
    </ClCompile>
    <ClCompile Include="OCSwordsmanHandlers.cpp">
      <Filter>handler</Filter>
    </ClCompile>
    <ClCompile Include="OCTerasKasiHandlers.cpp">
      <Filter>handler</Filter>
    </ClCompile>
    <ClCompile Include="OCTradeHandlers.cpp">
      <Filter>handler</Filter>
    </ClCompile>
  </ItemGroup>
  <ItemGroup>
    <Text Include="CMakeLists.txt" />
  </ItemGroup>
  <ItemGroup>
    <Filter Include="action">
      <UniqueIdentifier>{22b0479a-e4df-44d7-bef8-81d35a87b756}</UniqueIdentifier>
    </Filter>
    <Filter Include="artisan">
      <UniqueIdentifier>{e81ddb30-9dd0-4b84-a9db-7b4a21df8ad7}</UniqueIdentifier>
    </Filter>
    <Filter Include="attackable">
      <UniqueIdentifier>{5c9cced8-16df-40ef-925a-d2d8f5c8ea79}</UniqueIdentifier>
    </Filter>
    <Filter Include="bank">
      <UniqueIdentifier>{80775883-eacf-40c3-8076-57231b1e424a}</UniqueIdentifier>
    </Filter>
    <Filter Include="buff">
      <UniqueIdentifier>{84c420e2-6ef4-4d02-bd5d-ce3d793d17c5}</UniqueIdentifier>
    </Filter>
    <Filter Include="badge">
      <UniqueIdentifier>{01fddf63-c725-450f-b3f5-954cb8e86e37}</UniqueIdentifier>
    </Filter>
    <Filter Include="building">
      <UniqueIdentifier>{feaa40ad-e59e-40b4-9bfd-df2826ad4a14}</UniqueIdentifier>
    </Filter>
    <Filter Include="camp">
      <UniqueIdentifier>{48b3ada9-58c8-422b-b690-460259e2e12c}</UniqueIdentifier>
    </Filter>
    <Filter Include="item">
      <UniqueIdentifier>{4efad8ff-be42-48eb-8152-ca8520b3abf1}</UniqueIdentifier>
    </Filter>
    <Filter Include="map">
      <UniqueIdentifier>{93906c3d-9bfb-4bec-b2a4-7938fb4fbb4c}</UniqueIdentifier>
    </Filter>
    <Filter Include="handler">
      <UniqueIdentifier>{c2efec67-ec86-4df7-b285-d8da19be8b8d}</UniqueIdentifier>
    </Filter>
  </ItemGroup>
</Project>