
Microsoft Visual Studio Solution File, Format Version 12.00
# Visual Studio 14
VisualStudioVersion = 14.0.25420.1
MinimumVisualStudioVersion = 10.0.40219.1
Project("{8BC9CEB8-8B4A-11D0-8D11-00A0C91BC942}") = "ZoneServer", "ZoneServer\ZoneServer.vcxproj", "{E00CFDD6-0727-468E-BB71-92B167223789}"
EndProject
Project("{8BC9CEB8-8B4A-11D0-8D11-00A0C91BC942}") = "Common", "Common\Common.vcxproj", "{0CA6021E-F895-45BD-9FD2-356E982F3BD7}"
EndProject
Project("{8BC9CEB8-8B4A-11D0-8D11-00A0C91BC942}") = "Utils", "Utils\Utils.vcxproj", "{D9A40526-8BAB-45BA-B8FB-549C48598ACB}"
EndProject
Project("{8BC9CEB8-8B4A-11D0-8D11-00A0C91BC942}") = "MessageLib", "MessageLib\MessageLib.vcxproj", "{B34FC74D-2A3A-40AE-B585-797F686F0635}"
EndProject
Project("{8BC9CEB8-8B4A-11D0-8D11-00A0C91BC942}") = "NetworkManager", "NetworkManager\NetworkManager.vcxproj", "{D424EC2D-ED02-48D5-98A0-0989661946F8}"
EndProject
Project("{8BC9CEB8-8B4A-11D0-8D11-00A0C91BC942}") = "DatabaseManager", "DatabaseManager\DatabaseManager.vcxproj", "{CCB2D69F-8E84-4BAE-8345-0BFE382B57F6}"
EndProject
Project("{8BC9CEB8-8B4A-11D0-8D11-00A0C91BC942}") = "anh", "anh\anh.vcxproj", "{AFC9B694-6960-4E27-930A-9A3F75903591}"
EndProject
Project("{8BC9CEB8-8B4A-11D0-8D11-00A0C91BC942}") = "ChatServer", "ChatServer\ChatServer.vcxproj", "{5DFB9342-6984-4673-89DE-2BBE0E764E85}"
EndProject
Project("{8BC9CEB8-8B4A-11D0-8D11-00A0C91BC942}") = "ConnectionServer", "ConnectionServer\ConnectionServer.vcxproj", "{26C582FF-47F6-40BD-AB04-8E80187B8136}"
EndProject
Project("{8BC9CEB8-8B4A-11D0-8D11-00A0C91BC942}") = "LoginServer", "LoginServer\LoginServer.vcxproj", "{DEC322FE-E64B-4E6F-9DD9-3D99658A3722}"
EndProject
Project("{8BC9CEB8-8B4A-11D0-8D11-00A0C91BC942}") = "MathLib", "MathLib\MathLib.vcxproj", "{28AA4C73-5D3C-4320-942A-14F6FFFB06AA}"
EndProject
Project("{8BC9CEB8-8B4A-11D0-8D11-00A0C91BC942}") = "PingServer", "PingServer\PingServer.vcxproj", "{C696E355-EE85-4CB3-AEE6-D4525B09FDE3}"
EndProject
Project("{8BC9CEB8-8B4A-11D0-8D11-00A0C91BC942}") = "ScriptEngine", "ScriptEngine\ScriptEngine.vcxproj", "{F2A1DA3E-3CE1-49A9-968A-0B23B6622056}"
EndProject
Project("{8BC9CEB8-8B4A-11D0-8D11-00A0C91BC942}") = "SwgProtocol", "SwgProtocol\SwgProtocol.vcxproj", "{BB41D461-DC37-4221-886F-3F98C50927D5}"
EndProject
Global
	GlobalSection(SolutionConfigurationPlatforms) = preSolution
		Debug|x64 = Debug|x64
		Debug|x86 = Debug|x86
		Release|x64 = Release|x64
		Release|x86 = Release|x86
	EndGlobalSection
	GlobalSection(ProjectConfigurationPlatforms) = postSolution
		{E00CFDD6-0727-468E-BB71-92B167223789}.Debug|x64.ActiveCfg = Debug|x64
		{E00CFDD6-0727-468E-BB71-92B167223789}.Debug|x64.Build.0 = Debug|x64
		{E00CFDD6-0727-468E-BB71-92B167223789}.Debug|x86.ActiveCfg = Debug|Win32
		{E00CFDD6-0727-468E-BB71-92B167223789}.Debug|x86.Build.0 = Debug|Win32
		{E00CFDD6-0727-468E-BB71-92B167223789}.Release|x64.ActiveCfg = Release|x64
		{E00CFDD6-0727-468E-BB71-92B167223789}.Release|x64.Build.0 = Release|x64
		{E00CFDD6-0727-468E-BB71-92B167223789}.Release|x86.ActiveCfg = Release|Win32
		{E00CFDD6-0727-468E-BB71-92B167223789}.Release|x86.Build.0 = Release|Win32
		{0CA6021E-F895-45BD-9FD2-356E982F3BD7}.Debug|x64.ActiveCfg = Debug|x64
		{0CA6021E-F895-45BD-9FD2-356E982F3BD7}.Debug|x64.Build.0 = Debug|x64
		{0CA6021E-F895-45BD-9FD2-356E982F3BD7}.Debug|x86.ActiveCfg = Debug|Win32
		{0CA6021E-F895-45BD-9FD2-356E982F3BD7}.Debug|x86.Build.0 = Debug|Win32
		{0CA6021E-F895-45BD-9FD2-356E982F3BD7}.Release|x64.ActiveCfg = Release|x64
		{0CA6021E-F895-45BD-9FD2-356E982F3BD7}.Release|x64.Build.0 = Release|x64
		{0CA6021E-F895-45BD-9FD2-356E982F3BD7}.Release|x86.ActiveCfg = Release|Win32
		{0CA6021E-F895-45BD-9FD2-356E982F3BD7}.Release|x86.Build.0 = Release|Win32
		{D9A40526-8BAB-45BA-B8FB-549C48598ACB}.Debug|x64.ActiveCfg = Debug|x64
		{D9A40526-8BAB-45BA-B8FB-549C48598ACB}.Debug|x64.Build.0 = Debug|x64
		{D9A40526-8BAB-45BA-B8FB-549C48598ACB}.Debug|x86.ActiveCfg = Debug|Win32
		{D9A40526-8BAB-45BA-B8FB-549C48598ACB}.Debug|x86.Build.0 = Debug|Win32
		{D9A40526-8BAB-45BA-B8FB-549C48598ACB}.Release|x64.ActiveCfg = Release|x64
		{D9A40526-8BAB-45BA-B8FB-549C48598ACB}.Release|x64.Build.0 = Release|x64
		{D9A40526-8BAB-45BA-B8FB-549C48598ACB}.Release|x86.ActiveCfg = Release|Win32
		{D9A40526-8BAB-45BA-B8FB-549C48598ACB}.Release|x86.Build.0 = Release|Win32
		{B34FC74D-2A3A-40AE-B585-797F686F0635}.Debug|x64.ActiveCfg = Debug|x64
		{B34FC74D-2A3A-40AE-B585-797F686F0635}.Debug|x64.Build.0 = Debug|x64
		{B34FC74D-2A3A-40AE-B585-797F686F0635}.Debug|x86.ActiveCfg = Debug|Win32
		{B34FC74D-2A3A-40AE-B585-797F686F0635}.Debug|x86.Build.0 = Debug|Win32
		{B34FC74D-2A3A-40AE-B585-797F686F0635}.Release|x64.ActiveCfg = Release|x64
		{B34FC74D-2A3A-40AE-B585-797F686F0635}.Release|x64.Build.0 = Release|x64
		{B34FC74D-2A3A-40AE-B585-797F686F0635}.Release|x86.ActiveCfg = Release|Win32
		{B34FC74D-2A3A-40AE-B585-797F686F0635}.Release|x86.Build.0 = Release|Win32
		{D424EC2D-ED02-48D5-98A0-0989661946F8}.Debug|x64.ActiveCfg = Debug|x64
		{D424EC2D-ED02-48D5-98A0-0989661946F8}.Debug|x64.Build.0 = Debug|x64
		{D424EC2D-ED02-48D5-98A0-0989661946F8}.Debug|x86.ActiveCfg = Debug|Win32
		{D424EC2D-ED02-48D5-98A0-0989661946F8}.Debug|x86.Build.0 = Debug|Win32
		{D424EC2D-ED02-48D5-98A0-0989661946F8}.Release|x64.ActiveCfg = Release|x64
		{D424EC2D-ED02-48D5-98A0-0989661946F8}.Release|x64.Build.0 = Release|x64
		{D424EC2D-ED02-48D5-98A0-0989661946F8}.Release|x86.ActiveCfg = Release|Win32
		{D424EC2D-ED02-48D5-98A0-0989661946F8}.Release|x86.Build.0 = Release|Win32
		{CCB2D69F-8E84-4BAE-8345-0BFE382B57F6}.Debug|x64.ActiveCfg = Debug|x64
		{CCB2D69F-8E84-4BAE-8345-0BFE382B57F6}.Debug|x64.Build.0 = Debug|x64
		{CCB2D69F-8E84-4BAE-8345-0BFE382B57F6}.Debug|x86.ActiveCfg = Debug|Win32
		{CCB2D69F-8E84-4BAE-8345-0BFE382B57F6}.Debug|x86.Build.0 = Debug|Win32
		{CCB2D69F-8E84-4BAE-8345-0BFE382B57F6}.Release|x64.ActiveCfg = Release|x64
		{CCB2D69F-8E84-4BAE-8345-0BFE382B57F6}.Release|x64.Build.0 = Release|x64
		{CCB2D69F-8E84-4BAE-8345-0BFE382B57F6}.Release|x86.ActiveCfg = Release|Win32
		{CCB2D69F-8E84-4BAE-8345-0BFE382B57F6}.Release|x86.Build.0 = Release|Win32
		{AFC9B694-6960-4E27-930A-9A3F75903591}.Debug|x64.ActiveCfg = Debug|x64
		{AFC9B694-6960-4E27-930A-9A3F75903591}.Debug|x64.Build.0 = Debug|x64
		{AFC9B694-6960-4E27-930A-9A3F75903591}.Debug|x86.ActiveCfg = Debug|Win32
		{AFC9B694-6960-4E27-930A-9A3F75903591}.Debug|x86.Build.0 = Debug|Win32
		{AFC9B694-6960-4E27-930A-9A3F75903591}.Release|x64.ActiveCfg = Release|x64
		{AFC9B694-6960-4E27-930A-9A3F75903591}.Release|x64.Build.0 = Release|x64
		{AFC9B694-6960-4E27-930A-9A3F75903591}.Release|x86.ActiveCfg = Release|Win32
		{AFC9B694-6960-4E27-930A-9A3F75903591}.Release|x86.Build.0 = Release|Win32
		{5DFB9342-6984-4673-89DE-2BBE0E764E85}.Debug|x64.ActiveCfg = Debug|x64
		{5DFB9342-6984-4673-89DE-2BBE0E764E85}.Debug|x64.Build.0 = Debug|x64
		{5DFB9342-6984-4673-89DE-2BBE0E764E85}.Debug|x86.ActiveCfg = Debug|Win32
		{5DFB9342-6984-4673-89DE-2BBE0E764E85}.Debug|x86.Build.0 = Debug|Win32
		{5DFB9342-6984-4673-89DE-2BBE0E764E85}.Release|x64.ActiveCfg = Release|x64
		{5DFB9342-6984-4673-89DE-2BBE0E764E85}.Release|x64.Build.0 = Release|x64
		{5DFB9342-6984-4673-89DE-2BBE0E764E85}.Release|x86.ActiveCfg = Release|Win32
		{5DFB9342-6984-4673-89DE-2BBE0E764E85}.Release|x86.Build.0 = Release|Win32
		{26C582FF-47F6-40BD-AB04-8E80187B8136}.Debug|x64.ActiveCfg = Debug|x64
		{26C582FF-47F6-40BD-AB04-8E80187B8136}.Debug|x64.Build.0 = Debug|x64
		{26C582FF-47F6-40BD-AB04-8E80187B8136}.Debug|x86.ActiveCfg = Debug|Win32
		{26C582FF-47F6-40BD-AB04-8E80187B8136}.Debug|x86.Build.0 = Debug|Win32
		{26C582FF-47F6-40BD-AB04-8E80187B8136}.Release|x64.ActiveCfg = Release|x64
		{26C582FF-47F6-40BD-AB04-8E80187B8136}.Release|x64.Build.0 = Release|x64
		{26C582FF-47F6-40BD-AB04-8E80187B8136}.Release|x86.ActiveCfg = Release|Win32
		{26C582FF-47F6-40BD-AB04-8E80187B8136}.Release|x86.Build.0 = Release|Win32
		{DEC322FE-E64B-4E6F-9DD9-3D99658A3722}.Debug|x64.ActiveCfg = Debug|x64
		{DEC322FE-E64B-4E6F-9DD9-3D99658A3722}.Debug|x64.Build.0 = Debug|x64
		{DEC322FE-E64B-4E6F-9DD9-3D99658A3722}.Debug|x86.ActiveCfg = Debug|Win32
		{DEC322FE-E64B-4E6F-9DD9-3D99658A3722}.Debug|x86.Build.0 = Debug|Win32
		{DEC322FE-E64B-4E6F-9DD9-3D99658A3722}.Release|x64.ActiveCfg = Release|x64
		{DEC322FE-E64B-4E6F-9DD9-3D99658A3722}.Release|x64.Build.0 = Release|x64
		{DEC322FE-E64B-4E6F-9DD9-3D99658A3722}.Release|x86.ActiveCfg = Release|Win32
		{DEC322FE-E64B-4E6F-9DD9-3D99658A3722}.Release|x86.Build.0 = Release|Win32
		{28AA4C73-5D3C-4320-942A-14F6FFFB06AA}.Debug|x64.ActiveCfg = Debug|x64
		{28AA4C73-5D3C-4320-942A-14F6FFFB06AA}.Debug|x64.Build.0 = Debug|x64
		{28AA4C73-5D3C-4320-942A-14F6FFFB06AA}.Debug|x86.ActiveCfg = Debug|Win32
		{28AA4C73-5D3C-4320-942A-14F6FFFB06AA}.Debug|x86.Build.0 = Debug|Win32
		{28AA4C73-5D3C-4320-942A-14F6FFFB06AA}.Release|x64.ActiveCfg = Release|x64
		{28AA4C73-5D3C-4320-942A-14F6FFFB06AA}.Release|x64.Build.0 = Release|x64
		{28AA4C73-5D3C-4320-942A-14F6FFFB06AA}.Release|x86.ActiveCfg = Release|Win32
		{28AA4C73-5D3C-4320-942A-14F6FFFB06AA}.Release|x86.Build.0 = Release|Win32
		{C696E355-EE85-4CB3-AEE6-D4525B09FDE3}.Debug|x64.ActiveCfg = Debug|x64
		{C696E355-EE85-4CB3-AEE6-D4525B09FDE3}.Debug|x64.Build.0 = Debug|x64
		{C696E355-EE85-4CB3-AEE6-D4525B09FDE3}.Debug|x86.ActiveCfg = Debug|Win32
		{C696E355-EE85-4CB3-AEE6-D4525B09FDE3}.Debug|x86.Build.0 = Debug|Win32
		{C696E355-EE85-4CB3-AEE6-D4525B09FDE3}.Release|x64.ActiveCfg = Release|x64
		{C696E355-EE85-4CB3-AEE6-D4525B09FDE3}.Release|x64.Build.0 = Release|x64
		{C696E355-EE85-4CB3-AEE6-D4525B09FDE3}.Release|x86.ActiveCfg = Release|Win32
		{C696E355-EE85-4CB3-AEE6-D4525B09FDE3}.Release|x86.Build.0 = Release|Win32
		{F2A1DA3E-3CE1-49A9-968A-0B23B6622056}.Debug|x64.ActiveCfg = Debug|x64
		{F2A1DA3E-3CE1-49A9-968A-0B23B6622056}.Debug|x64.Build.0 = Debug|x64
		{F2A1DA3E-3CE1-49A9-968A-0B23B6622056}.Debug|x86.ActiveCfg = Debug|Win32
		{F2A1DA3E-3CE1-49A9-968A-0B23B6622056}.Debug|x86.Build.0 = Debug|Win32
		{F2A1DA3E-3CE1-49A9-968A-0B23B6622056}.Release|x64.ActiveCfg = Release|x64
		{F2A1DA3E-3CE1-49A9-968A-0B23B6622056}.Release|x64.Build.0 = Release|x64
		{F2A1DA3E-3CE1-49A9-968A-0B23B6622056}.Release|x86.ActiveCfg = Release|Win32
		{F2A1DA3E-3CE1-49A9-968A-0B23B6622056}.Release|x86.Build.0 = Release|Win32
		{BB41D461-DC37-4221-886F-3F98C50927D5}.Debug|x64.ActiveCfg = Debug|x64
		{BB41D461-DC37-4221-886F-3F98C50927D5}.Debug|x64.Build.0 = Debug|x64
		{BB41D461-DC37-4221-886F-3F98C50927D5}.Debug|x86.ActiveCfg = Debug|Win32
		{BB41D461-DC37-4221-886F-3F98C50927D5}.Debug|x86.Build.0 = Debug|Win32
		{BB41D461-DC37-4221-886F-3F98C50927D5}.Release|x64.ActiveCfg = Release|x64
		{BB41D461-DC37-4221-886F-3F98C50927D5}.Release|x64.Build.0 = Release|x64
		{BB41D461-DC37-4221-886F-3F98C50927D5}.Release|x86.ActiveCfg = Release|Win32
		{BB41D461-DC37-4221-886F-3F98C50927D5}.Release|x86.Build.0 = Release|Win32
	EndGlobalSection
	GlobalSection(SolutionProperties) = preSolution
		HideSolutionNode = FALSE
	EndGlobalSection
EndGlobal
